// !$*UTF8*$!
{
	archiveVersion = 1;
	classes = {
	};
	objectVersion = 50;
	objects = {

/* Begin PBXBuildFile section */
		AF93ACD124AF323B00A5EA3C /* AppDelegate.swift in Sources */ = {isa = PBXBuildFile; fileRef = AF93ACD024AF323B00A5EA3C /* AppDelegate.swift */; };
		AF93ACD324AF323B00A5EA3C /* SceneDelegate.swift in Sources */ = {isa = PBXBuildFile; fileRef = AF93ACD224AF323B00A5EA3C /* SceneDelegate.swift */; };
		AF93ACD524AF323B00A5EA3C /* ViewController.swift in Sources */ = {isa = PBXBuildFile; fileRef = AF93ACD424AF323B00A5EA3C /* ViewController.swift */; };
		AF93ACD824AF323B00A5EA3C /* Main.storyboard in Resources */ = {isa = PBXBuildFile; fileRef = AF93ACD624AF323B00A5EA3C /* Main.storyboard */; };
		AF93ACDA24AF323C00A5EA3C /* Assets.xcassets in Resources */ = {isa = PBXBuildFile; fileRef = AF93ACD924AF323C00A5EA3C /* Assets.xcassets */; };
		AF93ACDD24AF323C00A5EA3C /* LaunchScreen.storyboard in Resources */ = {isa = PBXBuildFile; fileRef = AF93ACDB24AF323C00A5EA3C /* LaunchScreen.storyboard */; };
		AF93ACE824AF323C00A5EA3C /* TipperTests.swift in Sources */ = {isa = PBXBuildFile; fileRef = AF93ACE724AF323C00A5EA3C /* TipperTests.swift */; };
/* End PBXBuildFile section */

/* Begin PBXContainerItemProxy section */
		AF93ACE424AF323C00A5EA3C /* PBXContainerItemProxy */ = {
			isa = PBXContainerItemProxy;
			containerPortal = AF93ACC524AF323B00A5EA3C /* Project object */;
			proxyType = 1;
			remoteGlobalIDString = AF93ACCC24AF323B00A5EA3C;
			remoteInfo = Tipper;
		};
/* End PBXContainerItemProxy section */

/* Begin PBXFileReference section */
		AF93ACCD24AF323B00A5EA3C /* Tipper.app */ = {isa = PBXFileReference; explicitFileType = wrapper.application; includeInIndex = 0; path = Tipper.app; sourceTree = BUILT_PRODUCTS_DIR; };
		AF93ACD024AF323B00A5EA3C /* AppDelegate.swift */ = {isa = PBXFileReference; lastKnownFileType = sourcecode.swift; path = AppDelegate.swift; sourceTree = "<group>"; };
		AF93ACD224AF323B00A5EA3C /* SceneDelegate.swift */ = {isa = PBXFileReference; lastKnownFileType = sourcecode.swift; path = SceneDelegate.swift; sourceTree = "<group>"; };
		AF93ACD424AF323B00A5EA3C /* ViewController.swift */ = {isa = PBXFileReference; lastKnownFileType = sourcecode.swift; path = ViewController.swift; sourceTree = "<group>"; };
		AF93ACD724AF323B00A5EA3C /* Base */ = {isa = PBXFileReference; lastKnownFileType = file.storyboard; name = Base; path = Base.lproj/Main.storyboard; sourceTree = "<group>"; };
		AF93ACD924AF323C00A5EA3C /* Assets.xcassets */ = {isa = PBXFileReference; lastKnownFileType = folder.assetcatalog; path = Assets.xcassets; sourceTree = "<group>"; };
		AF93ACDC24AF323C00A5EA3C /* Base */ = {isa = PBXFileReference; lastKnownFileType = file.storyboard; name = Base; path = Base.lproj/LaunchScreen.storyboard; sourceTree = "<group>"; };
		AF93ACDE24AF323C00A5EA3C /* Info.plist */ = {isa = PBXFileReference; lastKnownFileType = text.plist.xml; path = Info.plist; sourceTree = "<group>"; };
		AF93ACE324AF323C00A5EA3C /* TipperTests.xctest */ = {isa = PBXFileReference; explicitFileType = wrapper.cfbundle; includeInIndex = 0; path = TipperTests.xctest; sourceTree = BUILT_PRODUCTS_DIR; };
		AF93ACE724AF323C00A5EA3C /* TipperTests.swift */ = {isa = PBXFileReference; lastKnownFileType = sourcecode.swift; path = TipperTests.swift; sourceTree = "<group>"; };
		AF93ACE924AF323C00A5EA3C /* Info.plist */ = {isa = PBXFileReference; lastKnownFileType = text.plist.xml; path = Info.plist; sourceTree = "<group>"; };
/* End PBXFileReference section */

/* Begin PBXFrameworksBuildPhase section */
		AF93ACCA24AF323B00A5EA3C /* Frameworks */ = {
			isa = PBXFrameworksBuildPhase;
			buildActionMask = 2147483647;
			files = (
			);
			runOnlyForDeploymentPostprocessing = 0;
		};
		AF93ACE024AF323C00A5EA3C /* Frameworks */ = {
			isa = PBXFrameworksBuildPhase;
			buildActionMask = 2147483647;
			files = (
			);
			runOnlyForDeploymentPostprocessing = 0;
		};
/* End PBXFrameworksBuildPhase section */

/* Begin PBXGroup section */
		AF93ACC424AF323B00A5EA3C = {
			isa = PBXGroup;
			children = (
				AF93ACCF24AF323B00A5EA3C /* Tipper */,
				AF93ACE624AF323C00A5EA3C /* TipperTests */,
				AF93ACCE24AF323B00A5EA3C /* Products */,
			);
			sourceTree = "<group>";
		};
		AF93ACCE24AF323B00A5EA3C /* Products */ = {
			isa = PBXGroup;
			children = (
				AF93ACCD24AF323B00A5EA3C /* Tipper.app */,
				AF93ACE324AF323C00A5EA3C /* TipperTests.xctest */,
			);
			name = Products;
			sourceTree = "<group>";
		};
		AF93ACCF24AF323B00A5EA3C /* Tipper */ = {
			isa = PBXGroup;
			children = (
				AF93ACD024AF323B00A5EA3C /* AppDelegate.swift */,
				AF93ACD224AF323B00A5EA3C /* SceneDelegate.swift */,
				AF93ACD424AF323B00A5EA3C /* ViewController.swift */,
				AF93ACD624AF323B00A5EA3C /* Main.storyboard */,
				AF93ACD924AF323C00A5EA3C /* Assets.xcassets */,
				AF93ACDB24AF323C00A5EA3C /* LaunchScreen.storyboard */,
				AF93ACDE24AF323C00A5EA3C /* Info.plist */,
			);
			path = Tipper;
			sourceTree = "<group>";
		};
		AF93ACE624AF323C00A5EA3C /* TipperTests */ = {
			isa = PBXGroup;
			children = (
				AF93ACE724AF323C00A5EA3C /* TipperTests.swift */,
				AF93ACE924AF323C00A5EA3C /* Info.plist */,
			);
			path = TipperTests;
			sourceTree = "<group>";
		};
/* End PBXGroup section */

/* Begin PBXNativeTarget section */
		AF93ACCC24AF323B00A5EA3C /* Tipper */ = {
			isa = PBXNativeTarget;
			buildConfigurationList = AF93ACEC24AF323C00A5EA3C /* Build configuration list for PBXNativeTarget "Tipper" */;
			buildPhases = (
				AF93ACC924AF323B00A5EA3C /* Sources */,
				AF93ACCA24AF323B00A5EA3C /* Frameworks */,
				AF93ACCB24AF323B00A5EA3C /* Resources */,
			);
			buildRules = (
			);
			dependencies = (
			);
			name = Tipper;
			productName = Tipper;
			productReference = AF93ACCD24AF323B00A5EA3C /* Tipper.app */;
			productType = "com.apple.product-type.application";
		};
		AF93ACE224AF323C00A5EA3C /* TipperTests */ = {
			isa = PBXNativeTarget;
			buildConfigurationList = AF93ACEF24AF323C00A5EA3C /* Build configuration list for PBXNativeTarget "TipperTests" */;
			buildPhases = (
				AF93ACDF24AF323C00A5EA3C /* Sources */,
				AF93ACE024AF323C00A5EA3C /* Frameworks */,
				AF93ACE124AF323C00A5EA3C /* Resources */,
			);
			buildRules = (
			);
			dependencies = (
				AF93ACE524AF323C00A5EA3C /* PBXTargetDependency */,
			);
			name = TipperTests;
			productName = TipperTests;
			productReference = AF93ACE324AF323C00A5EA3C /* TipperTests.xctest */;
			productType = "com.apple.product-type.bundle.unit-test";
		};
/* End PBXNativeTarget section */

/* Begin PBXProject section */
		AF93ACC524AF323B00A5EA3C /* Project object */ = {
			isa = PBXProject;
			attributes = {
				LastSwiftUpdateCheck = 1150;
				LastUpgradeCheck = 1150;
				ORGANIZATIONNAME = "Mathew Chanda";
				TargetAttributes = {
					AF93ACCC24AF323B00A5EA3C = {
						CreatedOnToolsVersion = 11.5;
					};
					AF93ACE224AF323C00A5EA3C = {
						CreatedOnToolsVersion = 11.5;
						TestTargetID = AF93ACCC24AF323B00A5EA3C;
					};
				};
			};
			buildConfigurationList = AF93ACC824AF323B00A5EA3C /* Build configuration list for PBXProject "Tipper" */;
			compatibilityVersion = "Xcode 9.3";
			developmentRegion = en;
			hasScannedForEncodings = 0;
			knownRegions = (
				en,
				Base,
			);
			mainGroup = AF93ACC424AF323B00A5EA3C;
			productRefGroup = AF93ACCE24AF323B00A5EA3C /* Products */;
			projectDirPath = "";
			projectRoot = "";
			targets = (
				AF93ACCC24AF323B00A5EA3C /* Tipper */,
				AF93ACE224AF323C00A5EA3C /* TipperTests */,
			);
		};
/* End PBXProject section */

/* Begin PBXResourcesBuildPhase section */
		AF93ACCB24AF323B00A5EA3C /* Resources */ = {
			isa = PBXResourcesBuildPhase;
			buildActionMask = 2147483647;
			files = (
				AF93ACDD24AF323C00A5EA3C /* LaunchScreen.storyboard in Resources */,
				AF93ACDA24AF323C00A5EA3C /* Assets.xcassets in Resources */,
				AF93ACD824AF323B00A5EA3C /* Main.storyboard in Resources */,
			);
			runOnlyForDeploymentPostprocessing = 0;
		};
		AF93ACE124AF323C00A5EA3C /* Resources */ = {
			isa = PBXResourcesBuildPhase;
			buildActionMask = 2147483647;
			files = (
			);
			runOnlyForDeploymentPostprocessing = 0;
		};
/* End PBXResourcesBuildPhase section */

/* Begin PBXSourcesBuildPhase section */
		AF93ACC924AF323B00A5EA3C /* Sources */ = {
			isa = PBXSourcesBuildPhase;
			buildActionMask = 2147483647;
			files = (
				AF93ACD524AF323B00A5EA3C /* ViewController.swift in Sources */,
				AF93ACD124AF323B00A5EA3C /* AppDelegate.swift in Sources */,
				AF93ACD324AF323B00A5EA3C /* SceneDelegate.swift in Sources */,
			);
			runOnlyForDeploymentPostprocessing = 0;
		};
		AF93ACDF24AF323C00A5EA3C /* Sources */ = {
			isa = PBXSourcesBuildPhase;
			buildActionMask = 2147483647;
			files = (
				AF93ACE824AF323C00A5EA3C /* TipperTests.swift in Sources */,
			);
			runOnlyForDeploymentPostprocessing = 0;
		};
/* End PBXSourcesBuildPhase section */

/* Begin PBXTargetDependency section */
		AF93ACE524AF323C00A5EA3C /* PBXTargetDependency */ = {
			isa = PBXTargetDependency;
			target = AF93ACCC24AF323B00A5EA3C /* Tipper */;
			targetProxy = AF93ACE424AF323C00A5EA3C /* PBXContainerItemProxy */;
		};
/* End PBXTargetDependency section */

/* Begin PBXVariantGroup section */
		AF93ACD624AF323B00A5EA3C /* Main.storyboard */ = {
			isa = PBXVariantGroup;
			children = (
				AF93ACD724AF323B00A5EA3C /* Base */,
			);
			name = Main.storyboard;
			sourceTree = "<group>";
		};
		AF93ACDB24AF323C00A5EA3C /* LaunchScreen.storyboard */ = {
			isa = PBXVariantGroup;
			children = (
				AF93ACDC24AF323C00A5EA3C /* Base */,
			);
			name = LaunchScreen.storyboard;
			sourceTree = "<group>";
		};
/* End PBXVariantGroup section */

/* Begin XCBuildConfiguration section */
		AF93ACEA24AF323C00A5EA3C /* Debug */ = {
			isa = XCBuildConfiguration;
			buildSettings = {
				ALWAYS_SEARCH_USER_PATHS = NO;
				CLANG_ANALYZER_NONNULL = YES;
				CLANG_ANALYZER_NUMBER_OBJECT_CONVERSION = YES_AGGRESSIVE;
				CLANG_CXX_LANGUAGE_STANDARD = "gnu++14";
				CLANG_CXX_LIBRARY = "libc++";
				CLANG_ENABLE_MODULES = YES;
				CLANG_ENABLE_OBJC_ARC = YES;
				CLANG_ENABLE_OBJC_WEAK = YES;
				CLANG_WARN_BLOCK_CAPTURE_AUTORELEASING = YES;
				CLANG_WARN_BOOL_CONVERSION = YES;
				CLANG_WARN_COMMA = YES;
				CLANG_WARN_CONSTANT_CONVERSION = YES;
				CLANG_WARN_DEPRECATED_OBJC_IMPLEMENTATIONS = YES;
				CLANG_WARN_DIRECT_OBJC_ISA_USAGE = YES_ERROR;
				CLANG_WARN_DOCUMENTATION_COMMENTS = YES;
				CLANG_WARN_EMPTY_BODY = YES;
				CLANG_WARN_ENUM_CONVERSION = YES;
				CLANG_WARN_INFINITE_RECURSION = YES;
				CLANG_WARN_INT_CONVERSION = YES;
				CLANG_WARN_NON_LITERAL_NULL_CONVERSION = YES;
				CLANG_WARN_OBJC_IMPLICIT_RETAIN_SELF = YES;
				CLANG_WARN_OBJC_LITERAL_CONVERSION = YES;
				CLANG_WARN_OBJC_ROOT_CLASS = YES_ERROR;
				CLANG_WARN_RANGE_LOOP_ANALYSIS = YES;
				CLANG_WARN_STRICT_PROTOTYPES = YES;
				CLANG_WARN_SUSPICIOUS_MOVE = YES;
				CLANG_WARN_UNGUARDED_AVAILABILITY = YES_AGGRESSIVE;
				CLANG_WARN_UNREACHABLE_CODE = YES;
				CLANG_WARN__DUPLICATE_METHOD_MATCH = YES;
				COPY_PHASE_STRIP = NO;
				DEBUG_INFORMATION_FORMAT = dwarf;
				ENABLE_STRICT_OBJC_MSGSEND = YES;
				ENABLE_TESTABILITY = YES;
				GCC_C_LANGUAGE_STANDARD = gnu11;
				GCC_DYNAMIC_NO_PIC = NO;
				GCC_NO_COMMON_BLOCKS = YES;
				GCC_OPTIMIZATION_LEVEL = 0;
				GCC_PREPROCESSOR_DEFINITIONS = (
					"DEBUG=1",
					"$(inherited)",
				);
				GCC_WARN_64_TO_32_BIT_CONVERSION = YES;
				GCC_WARN_ABOUT_RETURN_TYPE = YES_ERROR;
				GCC_WARN_UNDECLARED_SELECTOR = YES;
				GCC_WARN_UNINITIALIZED_AUTOS = YES_AGGRESSIVE;
				GCC_WARN_UNUSED_FUNCTION = YES;
				GCC_WARN_UNUSED_VARIABLE = YES;
				IPHONEOS_DEPLOYMENT_TARGET = 13.5;
				MTL_ENABLE_DEBUG_INFO = INCLUDE_SOURCE;
				MTL_FAST_MATH = YES;
				ONLY_ACTIVE_ARCH = YES;
				SDKROOT = iphoneos;
				SWIFT_ACTIVE_COMPILATION_CONDITIONS = DEBUG;
				SWIFT_OPTIMIZATION_LEVEL = "-Onone";
			};
			name = Debug;
		};
		AF93ACEB24AF323C00A5EA3C /* Release */ = {
			isa = XCBuildConfiguration;
			buildSettings = {
				ALWAYS_SEARCH_USER_PATHS = NO;
				CLANG_ANALYZER_NONNULL = YES;
				CLANG_ANALYZER_NUMBER_OBJECT_CONVERSION = YES_AGGRESSIVE;
				CLANG_CXX_LANGUAGE_STANDARD = "gnu++14";
				CLANG_CXX_LIBRARY = "libc++";
				CLANG_ENABLE_MODULES = YES;
				CLANG_ENABLE_OBJC_ARC = YES;
				CLANG_ENABLE_OBJC_WEAK = YES;
				CLANG_WARN_BLOCK_CAPTURE_AUTORELEASING = YES;
				CLANG_WARN_BOOL_CONVERSION = YES;
				CLANG_WARN_COMMA = YES;
				CLANG_WARN_CONSTANT_CONVERSION = YES;
				CLANG_WARN_DEPRECATED_OBJC_IMPLEMENTATIONS = YES;
				CLANG_WARN_DIRECT_OBJC_ISA_USAGE = YES_ERROR;
				CLANG_WARN_DOCUMENTATION_COMMENTS = YES;
				CLANG_WARN_EMPTY_BODY = YES;
				CLANG_WARN_ENUM_CONVERSION = YES;
				CLANG_WARN_INFINITE_RECURSION = YES;
				CLANG_WARN_INT_CONVERSION = YES;
				CLANG_WARN_NON_LITERAL_NULL_CONVERSION = YES;
				CLANG_WARN_OBJC_IMPLICIT_RETAIN_SELF = YES;
				CLANG_WARN_OBJC_LITERAL_CONVERSION = YES;
				CLANG_WARN_OBJC_ROOT_CLASS = YES_ERROR;
				CLANG_WARN_RANGE_LOOP_ANALYSIS = YES;
				CLANG_WARN_STRICT_PROTOTYPES = YES;
				CLANG_WARN_SUSPICIOUS_MOVE = YES;
				CLANG_WARN_UNGUARDED_AVAILABILITY = YES_AGGRESSIVE;
				CLANG_WARN_UNREACHABLE_CODE = YES;
				CLANG_WARN__DUPLICATE_METHOD_MATCH = YES;
				COPY_PHASE_STRIP = NO;
				DEBUG_INFORMATION_FORMAT = "dwarf-with-dsym";
				ENABLE_NS_ASSERTIONS = NO;
				ENABLE_STRICT_OBJC_MSGSEND = YES;
				GCC_C_LANGUAGE_STANDARD = gnu11;
				GCC_NO_COMMON_BLOCKS = YES;
				GCC_WARN_64_TO_32_BIT_CONVERSION = YES;
				GCC_WARN_ABOUT_RETURN_TYPE = YES_ERROR;
				GCC_WARN_UNDECLARED_SELECTOR = YES;
				GCC_WARN_UNINITIALIZED_AUTOS = YES_AGGRESSIVE;
				GCC_WARN_UNUSED_FUNCTION = YES;
				GCC_WARN_UNUSED_VARIABLE = YES;
				IPHONEOS_DEPLOYMENT_TARGET = 13.5;
				MTL_ENABLE_DEBUG_INFO = NO;
				MTL_FAST_MATH = YES;
				SDKROOT = iphoneos;
				SWIFT_COMPILATION_MODE = wholemodule;
				SWIFT_OPTIMIZATION_LEVEL = "-O";
				VALIDATE_PRODUCT = YES;
			};
			name = Release;
		};
		AF93ACED24AF323C00A5EA3C /* Debug */ = {
			isa = XCBuildConfiguration;
			buildSettings = {
				ASSETCATALOG_COMPILER_APPICON_NAME = AppIcon;
				CODE_SIGN_STYLE = Automatic;
				DEVELOPMENT_TEAM = 2SKJU27LYK;
				INFOPLIST_FILE = Tipper/Info.plist;
				LD_RUNPATH_SEARCH_PATHS = (
					"$(inherited)",
					"@executable_path/Frameworks",
				);
				PRODUCT_BUNDLE_IDENTIFIER = "Mathew-Chanda.Tipper";
				PRODUCT_NAME = "$(TARGET_NAME)";
				SWIFT_VERSION = 5.0;
				TARGETED_DEVICE_FAMILY = "1,2";
			};
			name = Debug;
		};
		AF93ACEE24AF323C00A5EA3C /* Release */ = {
			isa = XCBuildConfiguration;
			buildSettings = {
				ASSETCATALOG_COMPILER_APPICON_NAME = AppIcon;
				CODE_SIGN_STYLE = Automatic;
				DEVELOPMENT_TEAM = 2SKJU27LYK;
				INFOPLIST_FILE = Tipper/Info.plist;
				LD_RUNPATH_SEARCH_PATHS = (
					"$(inherited)",
					"@executable_path/Frameworks",
				);
				PRODUCT_BUNDLE_IDENTIFIER = "Mathew-Chanda.Tipper";
				PRODUCT_NAME = "$(TARGET_NAME)";
				SWIFT_VERSION = 5.0;
				TARGETED_DEVICE_FAMILY = "1,2";
			};
			name = Release;
		};
		AF93ACF024AF323C00A5EA3C /* Debug */ = {
			isa = XCBuildConfiguration;
			buildSettings = {
				ALWAYS_EMBED_SWIFT_STANDARD_LIBRARIES = YES;
				BUNDLE_LOADER = "$(TEST_HOST)";
				CODE_SIGN_STYLE = Automatic;
				DEVELOPMENT_TEAM = 2SKJU27LYK;
				INFOPLIST_FILE = TipperTests/Info.plist;
				IPHONEOS_DEPLOYMENT_TARGET = 13.5;
				LD_RUNPATH_SEARCH_PATHS = (
					"$(inherited)",
					"@executable_path/Frameworks",
					"@loader_path/Frameworks",
				);
				PRODUCT_BUNDLE_IDENTIFIER = "Mathew-Chanda.TipperTests";
				PRODUCT_NAME = "$(TARGET_NAME)";
				SWIFT_VERSION = 5.0;
				TARGETED_DEVICE_FAMILY = "1,2";
				TEST_HOST = "$(BUILT_PRODUCTS_DIR)/Tipper.app/Tipper";
			};
			name = Debug;
		};
		AF93ACF124AF323C00A5EA3C /* Release */ = {
			isa = XCBuildConfiguration;
			buildSettings = {
				ALWAYS_EMBED_SWIFT_STANDARD_LIBRARIES = YES;
				BUNDLE_LOADER = "$(TEST_HOST)";
				CODE_SIGN_STYLE = Automatic;
				DEVELOPMENT_TEAM = 2SKJU27LYK;
				INFOPLIST_FILE = TipperTests/Info.plist;
				IPHONEOS_DEPLOYMENT_TARGET = 13.5;
				LD_RUNPATH_SEARCH_PATHS = (
					"$(inherited)",
					"@executable_path/Frameworks",
					"@loader_path/Frameworks",
				);
				PRODUCT_BUNDLE_IDENTIFIER = "Mathew-Chanda.TipperTests";
				PRODUCT_NAME = "$(TARGET_NAME)";
				SWIFT_VERSION = 5.0;
				TARGETED_DEVICE_FAMILY = "1,2";
				TEST_HOST = "$(BUILT_PRODUCTS_DIR)/Tipper.app/Tipper";
			};
			name = Release;
		};
/* End XCBuildConfiguration section */

/* Begin XCConfigurationList section */
		AF93ACC824AF323B00A5EA3C /* Build configuration list for PBXProject "Tipper" */ = {
			isa = XCConfigurationList;
			buildConfigurations = (
				AF93ACEA24AF323C00A5EA3C /* Debug */,
				AF93ACEB24AF323C00A5EA3C /* Release */,
			);
			defaultConfigurationIsVisible = 0;
			defaultConfigurationName = Release;
		};
		AF93ACEC24AF323C00A5EA3C /* Build configuration list for PBXNativeTarget "Tipper" */ = {
			isa = XCConfigurationList;
			buildConfigurations = (
				AF93ACED24AF323C00A5EA3C /* Debug */,
				AF93ACEE24AF323C00A5EA3C /* Release */,
			);
			defaultConfigurationIsVisible = 0;
			defaultConfigurationName = Release;
		};
		AF93ACEF24AF323C00A5EA3C /* Build configuration list for PBXNativeTarget "TipperTests" */ = {
			isa = XCConfigurationList;
			buildConfigurations = (
				AF93ACF024AF323C00A5EA3C /* Debug */,
				AF93ACF124AF323C00A5EA3C /* Release */,
			);
			defaultConfigurationIsVisible = 0;
			defaultConfigurationName = Release;
		};
/* End XCConfigurationList section */
	};
	rootObject = AF93ACC524AF323B00A5EA3C /* Project object */;
}
